
Microsoft Visual Studio Solution File, Format Version 12.00
# Visual Studio Version 17
VisualStudioVersion = 17.0.31903.59
MinimumVisualStudioVersion = 10.0.40219.1
Project("{FAE04EC0-301F-11D3-BF4B-00C04F79EFBC}") = "API", "API\API.csproj", "{79B5DCDD-675C-496B-A4B2-F57122C0F5A0}"
EndProject
Project("{FAE04EC0-301F-11D3-BF4B-00C04F79EFBC}") = "Core", "Core\Core.csproj", "{D3B3E9DC-E997-47A3-9533-3C4D04226513}"
EndProject
Project("{FAE04EC0-301F-11D3-BF4B-00C04F79EFBC}") = "Infrastructure", "Infrastructure\Infrastructure.csproj", "{C818DE83-5CE8-4687-979E-6DE4575EC78C}"
EndProject
Global
	GlobalSection(SolutionConfigurationPlatforms) = preSolution
		Debug|Any CPU = Debug|Any CPU
		Debug|x64 = Debug|x64
		Debug|x86 = Debug|x86
		Release|Any CPU = Release|Any CPU
		Release|x64 = Release|x64
		Release|x86 = Release|x86
	EndGlobalSection
	GlobalSection(ProjectConfigurationPlatforms) = postSolution
		{79B5DCDD-675C-496B-A4B2-F57122C0F5A0}.Debug|Any CPU.ActiveCfg = Debug|Any CPU
		{79B5DCDD-675C-496B-A4B2-F57122C0F5A0}.Debug|Any CPU.Build.0 = Debug|Any CPU
		{79B5DCDD-675C-496B-A4B2-F57122C0F5A0}.Debug|x64.ActiveCfg = Debug|Any CPU
		{79B5DCDD-675C-496B-A4B2-F57122C0F5A0}.Debug|x64.Build.0 = Debug|Any CPU
		{79B5DCDD-675C-496B-A4B2-F57122C0F5A0}.Debug|x86.ActiveCfg = Debug|Any CPU
		{79B5DCDD-675C-496B-A4B2-F57122C0F5A0}.Debug|x86.Build.0 = Debug|Any CPU
		{79B5DCDD-675C-496B-A4B2-F57122C0F5A0}.Release|Any CPU.ActiveCfg = Release|Any CPU
		{79B5DCDD-675C-496B-A4B2-F57122C0F5A0}.Release|Any CPU.Build.0 = Release|Any CPU
		{79B5DCDD-675C-496B-A4B2-F57122C0F5A0}.Release|x64.ActiveCfg = Release|Any CPU
		{79B5DCDD-675C-496B-A4B2-F57122C0F5A0}.Release|x64.Build.0 = Release|Any CPU
		{79B5DCDD-675C-496B-A4B2-F57122C0F5A0}.Release|x86.ActiveCfg = Release|Any CPU
		{79B5DCDD-675C-496B-A4B2-F57122C0F5A0}.Release|x86.Build.0 = Release|Any CPU
		{D3B3E9DC-E997-47A3-9533-3C4D04226513}.Debug|Any CPU.ActiveCfg = Debug|Any CPU
		{D3B3E9DC-E997-47A3-9533-3C4D04226513}.Debug|Any CPU.Build.0 = Debug|Any CPU
		{D3B3E9DC-E997-47A3-9533-3C4D04226513}.Debug|x64.ActiveCfg = Debug|Any CPU
		{D3B3E9DC-E997-47A3-9533-3C4D04226513}.Debug|x64.Build.0 = Debug|Any CPU
		{D3B3E9DC-E997-47A3-9533-3C4D04226513}.Debug|x86.ActiveCfg = Debug|Any CPU
		{D3B3E9DC-E997-47A3-9533-3C4D04226513}.Debug|x86.Build.0 = Debug|Any CPU
		{D3B3E9DC-E997-47A3-9533-3C4D04226513}.Release|Any CPU.ActiveCfg = Release|Any CPU
		{D3B3E9DC-E997-47A3-9533-3C4D04226513}.Release|Any CPU.Build.0 = Release|Any CPU
		{D3B3E9DC-E997-47A3-9533-3C4D04226513}.Release|x64.ActiveCfg = Release|Any CPU
		{D3B3E9DC-E997-47A3-9533-3C4D04226513}.Release|x64.Build.0 = Release|Any CPU
		{D3B3E9DC-E997-47A3-9533-3C4D04226513}.Release|x86.ActiveCfg = Release|Any CPU
		{D3B3E9DC-E997-47A3-9533-3C4D04226513}.Release|x86.Build.0 = Release|Any CPU
		{C818DE83-5CE8-4687-979E-6DE4575EC78C}.Debug|Any CPU.ActiveCfg = Debug|Any CPU
		{C818DE83-5CE8-4687-979E-6DE4575EC78C}.Debug|Any CPU.Build.0 = Debug|Any CPU
		{C818DE83-5CE8-4687-979E-6DE4575EC78C}.Debug|x64.ActiveCfg = Debug|Any CPU
		{C818DE83-5CE8-4687-979E-6DE4575EC78C}.Debug|x64.Build.0 = Debug|Any CPU
		{C818DE83-5CE8-4687-979E-6DE4575EC78C}.Debug|x86.ActiveCfg = Debug|Any CPU
		{C818DE83-5CE8-4687-979E-6DE4575EC78C}.Debug|x86.Build.0 = Debug|Any CPU
		{C818DE83-5CE8-4687-979E-6DE4575EC78C}.Release|Any CPU.ActiveCfg = Release|Any CPU
		{C818DE83-5CE8-4687-979E-6DE4575EC78C}.Release|Any CPU.Build.0 = Release|Any CPU
		{C818DE83-5CE8-4687-979E-6DE4575EC78C}.Release|x64.ActiveCfg = Release|Any CPU
		{C818DE83-5CE8-4687-979E-6DE4575EC78C}.Release|x64.Build.0 = Release|Any CPU
		{C818DE83-5CE8-4687-979E-6DE4575EC78C}.Release|x86.ActiveCfg = Release|Any CPU
		{C818DE83-5CE8-4687-979E-6DE4575EC78C}.Release|x86.Build.0 = Release|Any CPU
	EndGlobalSection
	GlobalSection(SolutionProperties) = preSolution
		HideSolutionNode = FALSE
	EndGlobalSection
EndGlobal
